{
  "name": "project1",
  "version": "1.0.0",
  "lockfileVersion": 3,
  "requires": true,
  "packages": {
    "": {
      "name": "project1",
      "version": "1.0.0",
      "license": "ISC",
      "dependencies": {
        "apexcharts": "^3.37.1",
        "bootstrap": "^5.2.3",
        "chart.js": "^4.2.1",
        "flatpickr": "^4.6.13",
        "flatpickr-persian": "^4.6.4",
        "jquery-circle-progress": "^1.2.2",
        "js-circle-progress": "^0.2.4",
        "ng-circle-progress": "^1.7.1",
        "persian-datepicker": "^1.2.0",
        "sweetalert2": "^11.7.2"
      }
    },
    "node_modules/@angular/common": {
      "version": "15.2.0",
      "resolved": "https://registry.npmjs.org/@angular/common/-/common-15.2.0.tgz",
      "integrity": "sha512-B+e5pbkvlwlSwlQjtDrYQq+Xs62mScWm1plEZRHQm3cjBhA0RFT3MiUa/YNaHv8VoGjlrOm1rdJVEVQQxroZTg==",
      "peer": true,
      "dependencies": {
        "tslib": "^2.3.0"
      },
      "engines": {
        "node": "^14.20.0 || ^16.13.0 || >=18.10.0"
      },
      "peerDependencies": {
        "@angular/core": "15.2.0",
        "rxjs": "^6.5.3 || ^7.4.0"
      }
    },
    "node_modules/@angular/core": {
      "version": "15.2.0",
      "resolved": "https://registry.npmjs.org/@angular/core/-/core-15.2.0.tgz",
      "integrity": "sha512-UNHNcW3NqzMbG5gMjzXhb4xHrJcZq8rFdLwTLntB0oo2I/WxQFVlxz28nrW+Y09DbJf02MCASBLxD9If/6eT3g==",
      "peer": true,
      "dependencies": {
        "tslib": "^2.3.0"
      },
      "engines": {
        "node": "^14.20.0 || ^16.13.0 || >=18.10.0"
      },
      "peerDependencies": {
        "rxjs": "^6.5.3 || ^7.4.0",
        "zone.js": "~0.11.4 || ~0.12.0"
      }
    },
    "node_modules/@kurkle/color": {
      "version": "0.3.2",
      "resolved": "https://registry.npmjs.org/@kurkle/color/-/color-0.3.2.tgz",
      "integrity": "sha512-fuscdXJ9G1qb7W8VdHi+IwRqij3lBkosAm4ydQtEmbY58OzHXqQhvlxqEkoz0yssNVn38bcpRWgA9PP+OGoisw=="
    },
    "node_modules/@popperjs/core": {
      "version": "2.11.6",
      "resolved": "https://registry.npmjs.org/@popperjs/core/-/core-2.11.6.tgz",
      "integrity": "sha512-50/17A98tWUfQ176raKiOGXuYpLyyVMkxxG6oylzL3BPOlA6ADGdK7EYunSa4I064xerltq9TGXs8HmOk5E+vw==",
      "peer": true,
      "funding": {
        "type": "opencollective",
        "url": "https://opencollective.com/popperjs"
      }
    },
    "node_modules/apexcharts": {
      "version": "3.37.1",
      "resolved": "https://registry.npmjs.org/apexcharts/-/apexcharts-3.37.1.tgz",
      "integrity": "sha512-fmQ5Updeb/LASl+S1+mIxXUFxzY0Fa7gexfCs4o+OPP9f2NEBNjvybOtPrah44N4roK7U5o5Jis906QeEQu0cA==",
      "dependencies": {
        "svg.draggable.js": "^2.2.2",
        "svg.easing.js": "^2.0.0",
        "svg.filter.js": "^2.0.2",
        "svg.pathmorphing.js": "^0.1.3",
        "svg.resize.js": "^1.4.3",
        "svg.select.js": "^3.0.1"
      }
    },
    "node_modules/bootstrap": {
      "version": "5.2.3",
      "resolved": "https://registry.npmjs.org/bootstrap/-/bootstrap-5.2.3.tgz",
      "integrity": "sha512-cEKPM+fwb3cT8NzQZYEu4HilJ3anCrWqh3CHAok1p9jXqMPsPTBhU25fBckEJHJ/p+tTxTFTsFQGM+gaHpi3QQ==",
      "funding": [
        {
          "type": "github",
          "url": "https://github.com/sponsors/twbs"
        },
        {
          "type": "opencollective",
          "url": "https://opencollective.com/bootstrap"
        }
      ],
      "peerDependencies": {
        "@popperjs/core": "^2.11.6"
      }
    },
    "node_modules/chart.js": {
      "version": "4.2.1",
      "resolved": "https://registry.npmjs.org/chart.js/-/chart.js-4.2.1.tgz",
      "integrity": "sha512-6YbpQ0nt3NovAgOzbkSSeeAQu/3za1319dPUQTXn9WcOpywM8rGKxJHrhS8V8xEkAlk8YhEfjbuAPfUyp6jIsw==",
      "dependencies": {
        "@kurkle/color": "^0.3.0"
      },
      "engines": {
        "pnpm": "^7.0.0"
      }
    },
    "node_modules/flatpickr": {
      "version": "4.6.13",
      "resolved": "https://registry.npmjs.org/flatpickr/-/flatpickr-4.6.13.tgz",
      "integrity": "sha512-97PMG/aywoYpB4IvbvUJi0RQi8vearvU0oov1WW3k0WZPBMrTQVqekSX5CjSG/M4Q3i6A/0FKXC7RyAoAUUSPw=="
    },
    "node_modules/flatpickr-persian": {
      "version": "4.6.4",
      "resolved": "https://registry.npmjs.org/flatpickr-persian/-/flatpickr-persian-4.6.4.tgz",
      "integrity": "sha512-0nnvAH+J5QZ5I+fsCdtoF+YPMGGP+M0Hp9WMhtvUKdJuxg1gSdjlAOwczWnBXQKRMq8FKEQ1I2bV7fpLoq++cg=="
    },
    "node_modules/jquery": {
      "version": "3.6.3",
      "license": "MIT"
    },
    "node_modules/jquery-circle-progress": {
      "version": "1.2.2",
      "resolved": "https://registry.npmjs.org/jquery-circle-progress/-/jquery-circle-progress-1.2.2.tgz",
      "integrity": "sha512-oW8qqxSttAThqCvy9x69+qrrAc0MNTGQlhUVWm+P20k7w8QICdwyYAc7z1CFeX4Gv474Vmr/wSnxk4h0s7ox/w==",
      "dependencies": {
        "jquery": "*"
      }
    },
    "node_modules/js-circle-progress": {
      "version": "0.2.4",
      "resolved": "https://registry.npmjs.org/js-circle-progress/-/js-circle-progress-0.2.4.tgz",
      "integrity": "sha512-WKlRBk8E5wYNVyjTduGdsTFrCB4SrKPP44cTD8d2hwv/6RJZnDIdbfd64L2TLg+dRWDRzO8p0Hs5dPp0M3d09w=="
    },
    "node_modules/ng-circle-progress": {
      "version": "1.7.1",
      "resolved": "https://registry.npmjs.org/ng-circle-progress/-/ng-circle-progress-1.7.1.tgz",
      "integrity": "sha512-XAsd/FRWC4lqO7pUakwniO1c+ew3zr+Un/pZ58aqdE1aq3iS7kquxDmzOOCZ2XoUhU/6vC31e/DSYHvlHhITkA==",
      "dependencies": {
        "tslib": "^2.0.0"
      },
      "peerDependencies": {
        "@angular/common": ">=14.0.0",
        "@angular/core": ">=14.0.0",
        "rxjs": ">=6.4.0"
      }
    },
    "node_modules/persian-date": {
      "version": "1.1.0-rc2",
      "resolved": "https://registry.npmjs.org/persian-date/-/persian-date-1.1.0-rc2.tgz",
      "integrity": "sha512-qWkCzNn01wsNFJUcMOgatK8WJ2w+wLZXIFGvP2GYwN9nJ713NehDW02J2+yNPMmHqZRGUIG56MABqWw4MQKS6A=="
    },
    "node_modules/persian-datepicker": {
      "version": "1.2.0",
      "resolved": "https://registry.npmjs.org/persian-datepicker/-/persian-datepicker-1.2.0.tgz",
      "integrity": "sha512-o0krgZQsLDxaADui8rVL7G4P1MXXi2IWFseFhgE7RahdaTqAcBj6C5fhwePMqOTJazl1PwB6dAQnKZ9VGKhItA==",
      "dependencies": {
        "jquery": "^3.3.1",
        "persian-date": "next"
      }
    },
    "node_modules/rxjs": {
      "version": "7.8.0",
      "resolved": "https://registry.npmjs.org/rxjs/-/rxjs-7.8.0.tgz",
      "integrity": "sha512-F2+gxDshqmIub1KdvZkaEfGDwLNpPvk9Fs6LD/MyQxNgMds/WH9OdDDXOmxUZpME+iSK3rQCctkL0DYyytUqMg==",
      "peer": true,
      "dependencies": {
        "tslib": "^2.1.0"
      }
    },
    "node_modules/svg.draggable.js": {
      "version": "2.2.2",
      "resolved": "https://registry.npmjs.org/svg.draggable.js/-/svg.draggable.js-2.2.2.tgz",
      "integrity": "sha512-JzNHBc2fLQMzYCZ90KZHN2ohXL0BQJGQimK1kGk6AvSeibuKcIdDX9Kr0dT9+UJ5O8nYA0RB839Lhvk4CY4MZw==",
      "dependencies": {
        "svg.js": "^2.0.1"
      },
      "engines": {
        "node": ">= 0.8.0"
      }
    },
    "node_modules/svg.easing.js": {
      "version": "2.0.0",
      "resolved": "https://registry.npmjs.org/svg.easing.js/-/svg.easing.js-2.0.0.tgz",
      "integrity": "sha512-//ctPdJMGy22YoYGV+3HEfHbm6/69LJUTAqI2/5qBvaNHZ9uUFVC82B0Pl299HzgH13rKrBgi4+XyXXyVWWthA==",
      "dependencies": {
        "svg.js": ">=2.3.x"
      },
      "engines": {
        "node": ">= 0.8.0"
      }
    },
    "node_modules/svg.filter.js": {
      "version": "2.0.2",
      "resolved": "https://registry.npmjs.org/svg.filter.js/-/svg.filter.js-2.0.2.tgz",
      "integrity": "sha512-xkGBwU+dKBzqg5PtilaTb0EYPqPfJ9Q6saVldX+5vCRy31P6TlRCP3U9NxH3HEufkKkpNgdTLBJnmhDHeTqAkw==",
      "dependencies": {
        "svg.js": "^2.2.5"
      },
      "engines": {
        "node": ">= 0.8.0"
      }
    },
    "node_modules/svg.js": {
      "version": "2.7.1",
      "resolved": "https://registry.npmjs.org/svg.js/-/svg.js-2.7.1.tgz",
      "integrity": "sha512-ycbxpizEQktk3FYvn/8BH+6/EuWXg7ZpQREJvgacqn46gIddG24tNNe4Son6omdXCnSOaApnpZw6MPCBA1dODA=="
    },
    "node_modules/svg.pathmorphing.js": {
      "version": "0.1.3",
      "resolved": "https://registry.npmjs.org/svg.pathmorphing.js/-/svg.pathmorphing.js-0.1.3.tgz",
      "integrity": "sha512-49HWI9X4XQR/JG1qXkSDV8xViuTLIWm/B/7YuQELV5KMOPtXjiwH4XPJvr/ghEDibmLQ9Oc22dpWpG0vUDDNww==",
      "dependencies": {
        "svg.js": "^2.4.0"
      },
      "engines": {
        "node": ">= 0.8.0"
      }
    },
    "node_modules/svg.resize.js": {
      "version": "1.4.3",
      "resolved": "https://registry.npmjs.org/svg.resize.js/-/svg.resize.js-1.4.3.tgz",
      "integrity": "sha512-9k5sXJuPKp+mVzXNvxz7U0uC9oVMQrrf7cFsETznzUDDm0x8+77dtZkWdMfRlmbkEEYvUn9btKuZ3n41oNA+uw==",
      "dependencies": {
        "svg.js": "^2.6.5",
        "svg.select.js": "^2.1.2"
      },
      "engines": {
        "node": ">= 0.8.0"
      }
    },
    "node_modules/svg.resize.js/node_modules/svg.select.js": {
      "version": "2.1.2",
      "resolved": "https://registry.npmjs.org/svg.select.js/-/svg.select.js-2.1.2.tgz",
      "integrity": "sha512-tH6ABEyJsAOVAhwcCjF8mw4crjXSI1aa7j2VQR8ZuJ37H2MBUbyeqYr5nEO7sSN3cy9AR9DUwNg0t/962HlDbQ==",
      "dependencies": {
        "svg.js": "^2.2.5"
      },
      "engines": {
        "node": ">= 0.8.0"
      }
    },
    "node_modules/svg.select.js": {
      "version": "3.0.1",
      "resolved": "https://registry.npmjs.org/svg.select.js/-/svg.select.js-3.0.1.tgz",
      "integrity": "sha512-h5IS/hKkuVCbKSieR9uQCj9w+zLHoPh+ce19bBYyqF53g6mnPB8sAtIbe1s9dh2S2fCmYX2xel1Ln3PJBbK4kw==",
      "dependencies": {
        "svg.js": "^2.6.5"
      },
      "engines": {
        "node": ">= 0.8.0"
      }
    },
    "node_modules/sweetalert2": {
      "version": "11.7.2",
      "resolved": "https://registry.npmjs.org/sweetalert2/-/sweetalert2-11.7.2.tgz",
      "integrity": "sha512-atPjDa3fv/4xwZpiAt7FZUgAhR5VAASiLP2hu7HUeVDXx+v4/9nD1W0u8xal1e9f2/qGh0DwTxPXPV9XoZIBvg==",
      "funding": {
        "type": "individual",
        "url": "https://github.com/sponsors/limonte"
      }
    },
    "node_modules/tslib": {
      "version": "2.5.0",
      "resolved": "https://registry.npmjs.org/tslib/-/tslib-2.5.0.tgz",
      "integrity": "sha512-336iVw3rtn2BUK7ORdIAHTyxHGRIHVReokCR3XjbckJMK7ms8FysBfhLR8IXnAgy7T0PTPNBWKiH514FOW/WSg=="
    },
    "node_modules/zone.js": {
      "version": "0.12.0",
      "resolved": "https://registry.npmjs.org/zone.js/-/zone.js-0.12.0.tgz",
      "integrity": "sha512-XtC+I5dXU14HrzidAKBNMqneIVUykLEAA1x+v4KVrd6AUPWlwYORF8KgsVqvgdHiKZ4BkxxjvYi/ksEixTPR0Q==",
      "peer": true,
      "dependencies": {
        "tslib": "^2.3.0"
      }
    }
  }
}
